
Microsoft Visual Studio Solution File, Format Version 12.00
# Visual Studio Version 17
VisualStudioVersion = 17.8.34330.188
MinimumVisualStudioVersion = 10.0.40219.1
Project("{FAE04EC0-301F-11D3-BF4B-00C04F79EFBC}") = "Using generative templates2", "Using generative templates2.csproj", "{88E795E3-8310-48E0-ADAC-1FBB43381FE2}"
EndProject
Global
	GlobalSection(SolutionConfigurationPlatforms) = preSolution
		Debug|Any CPU = Debug|Any CPU
		Release|Any CPU = Release|Any CPU
	EndGlobalSection
	GlobalSection(ProjectConfigurationPlatforms) = postSolution
		{88E795E3-8310-48E0-ADAC-1FBB43381FE2}.Debug|Any CPU.ActiveCfg = Debug|Any CPU
		{88E795E3-8310-48E0-ADAC-1FBB43381FE2}.Debug|Any CPU.Build.0 = Debug|Any CPU
		{88E795E3-8310-48E0-ADAC-1FBB43381FE2}.Release|Any CPU.ActiveCfg = Release|Any CPU
		{88E795E3-8310-48E0-ADAC-1FBB43381FE2}.Release|Any CPU.Build.0 = Release|Any CPU
	EndGlobalSection
	GlobalSection(SolutionProperties) = preSolution
		HideSolutionNode = FALSE
	EndGlobalSection
	GlobalSection(ExtensibilityGlobals) = postSolution
		SolutionGuid = {CFB5A644-33D0-4054-95E3-27009B6C0153}
	EndGlobalSection
EndGlobal
